{
  "version": 4,
  "terraform_version": "1.8.3",
  "serial": 50,
  "lineage": "eaf574d2-6d8f-e0e9-263c-37f4ccc976e4",
  "outputs": {},
  "resources": [
    {
      "mode": "managed",
      "type": "local_file",
      "name": "pet",
      "provider": "provider[\"registry.terraform.io/hashicorp/local\"]",
      "instances": [
        {
          "index_key": "/home/ubuntu/terraform-file/parrot.txt",
          "schema_version": 0,
          "attributes": {
            "content": "My Pet is Great",
            "content_base64": null,
            "content_base64sha256": "CrkDEv3khdyI3KzTA7o/mYhl/1dHWcGusdKtES3eT84=",
            "content_base64sha512": "qFGWI2MR3CYCaeiN5Voup5ngh1/H6RNam8f9rql8MWhZYHfnBhqGXNNUscBde1wQKKGpySxD7bQKJ/LJidlxhA==",
            "content_md5": "e22ab856a2f1401c1f91e9afdc58dc8b",
            "content_sha1": "a967aef309b1b25097c09426c7e2f5cb434696ba",
            "content_sha256": "0ab90312fde485dc88dcacd303ba3f998865ff574759c1aeb1d2ad112dde4fce",
            "content_sha512": "a85196236311dc260269e88de55a2ea799e0875fc7e9135a9bc7fdaea97c3168596077e7061a865cd354b1c05d7b5c1028a1a9c92c43edb40a27f2c989d97184",
            "directory_permission": "0777",
            "file_permission": "0700",
            "filename": "/home/ubuntu/terraform-file/parrot.txt",
            "id": "a967aef309b1b25097c09426c7e2f5cb434696ba",
            "sensitive_content": null,
            "source": null
          },
          "sensitive_attributes": [
            [
              {
                "type": "get_attr",
                "value": "sensitive_content"
              }
            ]
          ]
        },
        {
          "index_key": "/home/ubuntu/terraform-file/pets.txt",
          "schema_version": 0,
          "attributes": {
            "content": "My Pet is Great",
            "content_base64": null,
            "content_base64sha256": "CrkDEv3khdyI3KzTA7o/mYhl/1dHWcGusdKtES3eT84=",
            "content_base64sha512": "qFGWI2MR3CYCaeiN5Voup5ngh1/H6RNam8f9rql8MWhZYHfnBhqGXNNUscBde1wQKKGpySxD7bQKJ/LJidlxhA==",
            "content_md5": "e22ab856a2f1401c1f91e9afdc58dc8b",
            "content_sha1": "a967aef309b1b25097c09426c7e2f5cb434696ba",
            "content_sha256": "0ab90312fde485dc88dcacd303ba3f998865ff574759c1aeb1d2ad112dde4fce",
            "content_sha512": "a85196236311dc260269e88de55a2ea799e0875fc7e9135a9bc7fdaea97c3168596077e7061a865cd354b1c05d7b5c1028a1a9c92c43edb40a27f2c989d97184",
            "directory_permission": "0777",
            "file_permission": "0700",
            "filename": "/home/ubuntu/terraform-file/pets.txt",
            "id": "a967aef309b1b25097c09426c7e2f5cb434696ba",
            "sensitive_content": null,
            "source": null
          },
          "sensitive_attributes": [
            [
              {
                "type": "get_attr",
                "value": "sensitive_content"
              }
            ]
          ]
        }
      ]
    }
  ],
  "check_results": null
}
